// !$*UTF8*$!
{
	archiveVersion = 1;
	classes = {
	};
	objectVersion = 56;
	objects = {

/* Begin PBXBuildFile section */
		D6B05CAD2B53DF1600BDB1B8 /* RestaurantViewModel.swift in Sources */ = {isa = PBXBuildFile; fileRef = D6B05CAC2B53DF1600BDB1B8 /* RestaurantViewModel.swift */; };
		D6D0641B2B4FD0FA00DB7820 /* WhatIEat.swift in Sources */ = {isa = PBXBuildFile; fileRef = D6D0641A2B4FD0FA00DB7820 /* WhatIEat.swift */; };
		D6D0641F2B4FD0FB00DB7820 /* Assets.xcassets in Resources */ = {isa = PBXBuildFile; fileRef = D6D0641E2B4FD0FB00DB7820 /* Assets.xcassets */; };
		D6D064222B4FD0FB00DB7820 /* Preview Assets.xcassets in Resources */ = {isa = PBXBuildFile; fileRef = D6D064212B4FD0FB00DB7820 /* Preview Assets.xcassets */; };
		D6D0642E2B50053900DB7820 /* LaunchScreenView.swift in Sources */ = {isa = PBXBuildFile; fileRef = D6D0642D2B50053900DB7820 /* LaunchScreenView.swift */; };
		D6D064302B50058F00DB7820 /* MainPageView.swift in Sources */ = {isa = PBXBuildFile; fileRef = D6D0642F2B50058F00DB7820 /* MainPageView.swift */; };
		D6E4CBE62B515ABD00B611AA /* FoodModel.swift in Sources */ = {isa = PBXBuildFile; fileRef = D6E4CBE52B515ABD00B611AA /* FoodModel.swift */; };
		D6E4CBE92B515F1D00B611AA /* NetworkModel.swift in Sources */ = {isa = PBXBuildFile; fileRef = D6E4CBE82B515F1D00B611AA /* NetworkModel.swift */; };
		DECC6340D31664AF3096BFAF /* Pods_WhatIEat.framework in Frameworks */ = {isa = PBXBuildFile; fileRef = 12ACE52386763E6DC0A5F56C /* Pods_WhatIEat.framework */; };
/* End PBXBuildFile section */

/* Begin PBXFileReference section */
		12ACE52386763E6DC0A5F56C /* Pods_WhatIEat.framework */ = {isa = PBXFileReference; explicitFileType = wrapper.framework; includeInIndex = 0; path = Pods_WhatIEat.framework; sourceTree = BUILT_PRODUCTS_DIR; };
		354A5D673786A90B9D1DFC85 /* Pods-WhatIEat.release.xcconfig */ = {isa = PBXFileReference; includeInIndex = 1; lastKnownFileType = text.xcconfig; name = "Pods-WhatIEat.release.xcconfig"; path = "Target Support Files/Pods-WhatIEat/Pods-WhatIEat.release.xcconfig"; sourceTree = "<group>"; };
		7711F65797C2941D25A40C6D /* Pods-WhatIEat.debug.xcconfig */ = {isa = PBXFileReference; includeInIndex = 1; lastKnownFileType = text.xcconfig; name = "Pods-WhatIEat.debug.xcconfig"; path = "Target Support Files/Pods-WhatIEat/Pods-WhatIEat.debug.xcconfig"; sourceTree = "<group>"; };
		D6B05CAC2B53DF1600BDB1B8 /* RestaurantViewModel.swift */ = {isa = PBXFileReference; lastKnownFileType = sourcecode.swift; path = RestaurantViewModel.swift; sourceTree = "<group>"; };
		D6D064172B4FD0FA00DB7820 /* WhatIEat.app */ = {isa = PBXFileReference; explicitFileType = wrapper.application; includeInIndex = 0; path = WhatIEat.app; sourceTree = BUILT_PRODUCTS_DIR; };
		D6D0641A2B4FD0FA00DB7820 /* WhatIEat.swift */ = {isa = PBXFileReference; lastKnownFileType = sourcecode.swift; path = WhatIEat.swift; sourceTree = "<group>"; };
		D6D0641E2B4FD0FB00DB7820 /* Assets.xcassets */ = {isa = PBXFileReference; lastKnownFileType = folder.assetcatalog; path = Assets.xcassets; sourceTree = "<group>"; };
		D6D064212B4FD0FB00DB7820 /* Preview Assets.xcassets */ = {isa = PBXFileReference; lastKnownFileType = folder.assetcatalog; path = "Preview Assets.xcassets"; sourceTree = "<group>"; };
		D6D0642D2B50053900DB7820 /* LaunchScreenView.swift */ = {isa = PBXFileReference; lastKnownFileType = sourcecode.swift; path = LaunchScreenView.swift; sourceTree = "<group>"; };
		D6D0642F2B50058F00DB7820 /* MainPageView.swift */ = {isa = PBXFileReference; lastKnownFileType = sourcecode.swift; path = MainPageView.swift; sourceTree = "<group>"; };
		D6E4CBE52B515ABD00B611AA /* FoodModel.swift */ = {isa = PBXFileReference; lastKnownFileType = sourcecode.swift; path = FoodModel.swift; sourceTree = "<group>"; };
		D6E4CBE82B515F1D00B611AA /* NetworkModel.swift */ = {isa = PBXFileReference; lastKnownFileType = sourcecode.swift; path = NetworkModel.swift; sourceTree = "<group>"; };
		D6E4CBEA2B515FF300B611AA /* Info.plist */ = {isa = PBXFileReference; lastKnownFileType = text.plist; path = Info.plist; sourceTree = "<group>"; };
/* End PBXFileReference section */

/* Begin PBXFrameworksBuildPhase section */
		D6D064142B4FD0FA00DB7820 /* Frameworks */ = {
			isa = PBXFrameworksBuildPhase;
			buildActionMask = 2147483647;
			files = (
				DECC6340D31664AF3096BFAF /* Pods_WhatIEat.framework in Frameworks */,
			);
			runOnlyForDeploymentPostprocessing = 0;
		};
/* End PBXFrameworksBuildPhase section */

/* Begin PBXGroup section */
		53022935EA10E236B6F1B557 /* Frameworks */ = {
			isa = PBXGroup;
			children = (
				12ACE52386763E6DC0A5F56C /* Pods_WhatIEat.framework */,
			);
			name = Frameworks;
			sourceTree = "<group>";
		};
		D6B05CAB2B53DF0600BDB1B8 /* ViewModel */ = {
			isa = PBXGroup;
			children = (
				D6B05CAC2B53DF1600BDB1B8 /* RestaurantViewModel.swift */,
			);
			path = ViewModel;
			sourceTree = "<group>";
		};
		D6D0640E2B4FD0FA00DB7820 = {
			isa = PBXGroup;
			children = (
				D6D064192B4FD0FA00DB7820 /* WhatIEat */,
				D6D064182B4FD0FA00DB7820 /* Products */,
				DF3168F414AA068AA62E02B5 /* Pods */,
				53022935EA10E236B6F1B557 /* Frameworks */,
			);
			sourceTree = "<group>";
		};
		D6D064182B4FD0FA00DB7820 /* Products */ = {
			isa = PBXGroup;
			children = (
				D6D064172B4FD0FA00DB7820 /* WhatIEat.app */,
			);
			name = Products;
			sourceTree = "<group>";
		};
		D6D064192B4FD0FA00DB7820 /* WhatIEat */ = {
			isa = PBXGroup;
			children = (
				D6B05CAB2B53DF0600BDB1B8 /* ViewModel */,
				D6E4CBEA2B515FF300B611AA /* Info.plist */,
				D6E4CBE42B515A8000B611AA /* Model */,
				D6D064282B4FD15700DB7820 /* View */,
				D6D0641A2B4FD0FA00DB7820 /* WhatIEat.swift */,
				D6D0641E2B4FD0FB00DB7820 /* Assets.xcassets */,
				D6D064202B4FD0FB00DB7820 /* Preview Content */,
			);
			path = WhatIEat;
			sourceTree = "<group>";
		};
		D6D064202B4FD0FB00DB7820 /* Preview Content */ = {
			isa = PBXGroup;
			children = (
				D6D064212B4FD0FB00DB7820 /* Preview Assets.xcassets */,
			);
			path = "Preview Content";
			sourceTree = "<group>";
		};
		D6D064282B4FD15700DB7820 /* View */ = {
			isa = PBXGroup;
			children = (
				D6D0642D2B50053900DB7820 /* LaunchScreenView.swift */,
				D6D0642F2B50058F00DB7820 /* MainPageView.swift */,
			);
			path = View;
			sourceTree = "<group>";
		};
		D6E4CBE42B515A8000B611AA /* Model */ = {
			isa = PBXGroup;
			children = (
				D6E4CBE72B515F0900B611AA /* Network */,
				D6E4CBE52B515ABD00B611AA /* FoodModel.swift */,
			);
			path = Model;
			sourceTree = "<group>";
		};
		D6E4CBE72B515F0900B611AA /* Network */ = {
			isa = PBXGroup;
			children = (
				D6E4CBE82B515F1D00B611AA /* NetworkModel.swift */,
			);
			path = Network;
			sourceTree = "<group>";
		};
		DF3168F414AA068AA62E02B5 /* Pods */ = {
			isa = PBXGroup;
			children = (
				7711F65797C2941D25A40C6D /* Pods-WhatIEat.debug.xcconfig */,
				354A5D673786A90B9D1DFC85 /* Pods-WhatIEat.release.xcconfig */,
			);
			path = Pods;
			sourceTree = "<group>";
		};
/* End PBXGroup section */

/* Begin PBXNativeTarget section */
		D6D064162B4FD0FA00DB7820 /* WhatIEat */ = {
			isa = PBXNativeTarget;
			buildConfigurationList = D6D064252B4FD0FB00DB7820 /* Build configuration list for PBXNativeTarget "WhatIEat" */;
			buildPhases = (
				1B9FFBFEA947DCD4B4E16DF6 /* [CP] Check Pods Manifest.lock */,
				D6D064132B4FD0FA00DB7820 /* Sources */,
				D6D064142B4FD0FA00DB7820 /* Frameworks */,
				D6D064152B4FD0FA00DB7820 /* Resources */,
				D1F012EC049B3C9405E2F414 /* [CP] Embed Pods Frameworks */,
			);
			buildRules = (
			);
			dependencies = (
			);
			name = WhatIEat;
			productName = myFinalSubject;
			productReference = D6D064172B4FD0FA00DB7820 /* WhatIEat.app */;
			productType = "com.apple.product-type.application";
		};
/* End PBXNativeTarget section */

/* Begin PBXProject section */
		D6D0640F2B4FD0FA00DB7820 /* Project object */ = {
			isa = PBXProject;
			attributes = {
				BuildIndependentTargetsInParallel = 1;
				LastSwiftUpdateCheck = 1520;
				LastUpgradeCheck = 1520;
				TargetAttributes = {
					D6D064162B4FD0FA00DB7820 = {
						CreatedOnToolsVersion = 15.2;
					};
				};
			};
			buildConfigurationList = D6D064122B4FD0FA00DB7820 /* Build configuration list for PBXProject "WhatIEat" */;
			compatibilityVersion = "Xcode 14.0";
			developmentRegion = en;
			hasScannedForEncodings = 0;
			knownRegions = (
				en,
				Base,
			);
			mainGroup = D6D0640E2B4FD0FA00DB7820;
			productRefGroup = D6D064182B4FD0FA00DB7820 /* Products */;
			projectDirPath = "";
			projectRoot = "";
			targets = (
				D6D064162B4FD0FA00DB7820 /* WhatIEat */,
			);
		};
/* End PBXProject section */

/* Begin PBXResourcesBuildPhase section */
		D6D064152B4FD0FA00DB7820 /* Resources */ = {
			isa = PBXResourcesBuildPhase;
			buildActionMask = 2147483647;
			files = (
				D6D064222B4FD0FB00DB7820 /* Preview Assets.xcassets in Resources */,
				D6D0641F2B4FD0FB00DB7820 /* Assets.xcassets in Resources */,
			);
			runOnlyForDeploymentPostprocessing = 0;
		};
/* End PBXResourcesBuildPhase section */

/* Begin PBXShellScriptBuildPhase section */
		1B9FFBFEA947DCD4B4E16DF6 /* [CP] Check Pods Manifest.lock */ = {
			isa = PBXShellScriptBuildPhase;
			buildActionMask = 2147483647;
			files = (
			);
			inputFileListPaths = (
			);
			inputPaths = (
				"${PODS_PODFILE_DIR_PATH}/Podfile.lock",
				"${PODS_ROOT}/Manifest.lock",
			);
			name = "[CP] Check Pods Manifest.lock";
			outputFileListPaths = (
			);
			outputPaths = (
				"$(DERIVED_FILE_DIR)/Pods-WhatIEat-checkManifestLockResult.txt",
			);
			runOnlyForDeploymentPostprocessing = 0;
			shellPath = /bin/sh;
			shellScript = "diff \"${PODS_PODFILE_DIR_PATH}/Podfile.lock\" \"${PODS_ROOT}/Manifest.lock\" > /dev/null\nif [ $? != 0 ] ; then\n    # print error to STDERR\n    echo \"error: The sandbox is not in sync with the Podfile.lock. Run 'pod install' or update your CocoaPods installation.\" >&2\n    exit 1\nfi\n# This output is used by Xcode 'outputs' to avoid re-running this script phase.\necho \"SUCCESS\" > \"${SCRIPT_OUTPUT_FILE_0}\"\n";
			showEnvVarsInLog = 0;
		};
		D1F012EC049B3C9405E2F414 /* [CP] Embed Pods Frameworks */ = {
			isa = PBXShellScriptBuildPhase;
			buildActionMask = 2147483647;
			files = (
			);
			inputFileListPaths = (
				"${PODS_ROOT}/Target Support Files/Pods-WhatIEat/Pods-WhatIEat-frameworks-${CONFIGURATION}-input-files.xcfilelist",
			);
			name = "[CP] Embed Pods Frameworks";
			outputFileListPaths = (
				"${PODS_ROOT}/Target Support Files/Pods-WhatIEat/Pods-WhatIEat-frameworks-${CONFIGURATION}-output-files.xcfilelist",
			);
			runOnlyForDeploymentPostprocessing = 0;
			shellPath = /bin/sh;
			shellScript = "\"${PODS_ROOT}/Target Support Files/Pods-WhatIEat/Pods-WhatIEat-frameworks.sh\"\n";
			showEnvVarsInLog = 0;
		};
/* End PBXShellScriptBuildPhase section */

/* Begin PBXSourcesBuildPhase section */
		D6D064132B4FD0FA00DB7820 /* Sources */ = {
			isa = PBXSourcesBuildPhase;
			buildActionMask = 2147483647;
			files = (
				D6D0641B2B4FD0FA00DB7820 /* WhatIEat.swift in Sources */,
				D6B05CAD2B53DF1600BDB1B8 /* RestaurantViewModel.swift in Sources */,
				D6D0642E2B50053900DB7820 /* LaunchScreenView.swift in Sources */,
				D6D064302B50058F00DB7820 /* MainPageView.swift in Sources */,
				D6E4CBE92B515F1D00B611AA /* NetworkModel.swift in Sources */,
				D6E4CBE62B515ABD00B611AA /* FoodModel.swift in Sources */,
			);
			runOnlyForDeploymentPostprocessing = 0;
		};
/* End PBXSourcesBuildPhase section */

/* Begin XCBuildConfiguration section */
		D6D064232B4FD0FB00DB7820 /* Debug */ = {
			isa = XCBuildConfiguration;
			buildSettings = {
				ALWAYS_SEARCH_USER_PATHS = NO;
				ASSETCATALOG_COMPILER_GENERATE_SWIFT_ASSET_SYMBOL_EXTENSIONS = YES;
				CLANG_ANALYZER_NONNULL = YES;
				CLANG_ANALYZER_NUMBER_OBJECT_CONVERSION = YES_AGGRESSIVE;
				CLANG_CXX_LANGUAGE_STANDARD = "gnu++20";
				CLANG_ENABLE_MODULES = YES;
				CLANG_ENABLE_OBJC_ARC = YES;
				CLANG_ENABLE_OBJC_WEAK = YES;
				CLANG_WARN_BLOCK_CAPTURE_AUTORELEASING = YES;
				CLANG_WARN_BOOL_CONVERSION = YES;
				CLANG_WARN_COMMA = YES;
				CLANG_WARN_CONSTANT_CONVERSION = YES;
				CLANG_WARN_DEPRECATED_OBJC_IMPLEMENTATIONS = YES;
				CLANG_WARN_DIRECT_OBJC_ISA_USAGE = YES_ERROR;
				CLANG_WARN_DOCUMENTATION_COMMENTS = YES;
				CLANG_WARN_EMPTY_BODY = YES;
				CLANG_WARN_ENUM_CONVERSION = YES;
				CLANG_WARN_INFINITE_RECURSION = YES;
				CLANG_WARN_INT_CONVERSION = YES;
				CLANG_WARN_NON_LITERAL_NULL_CONVERSION = YES;
				CLANG_WARN_OBJC_IMPLICIT_RETAIN_SELF = YES;
				CLANG_WARN_OBJC_LITERAL_CONVERSION = YES;
				CLANG_WARN_OBJC_ROOT_CLASS = YES_ERROR;
				CLANG_WARN_QUOTED_INCLUDE_IN_FRAMEWORK_HEADER = YES;
				CLANG_WARN_RANGE_LOOP_ANALYSIS = YES;
				CLANG_WARN_STRICT_PROTOTYPES = YES;
				CLANG_WARN_SUSPICIOUS_MOVE = YES;
				CLANG_WARN_UNGUARDED_AVAILABILITY = YES_AGGRESSIVE;
				CLANG_WARN_UNREACHABLE_CODE = YES;
				CLANG_WARN__DUPLICATE_METHOD_MATCH = YES;
				COPY_PHASE_STRIP = NO;
				DEBUG_INFORMATION_FORMAT = dwarf;
				ENABLE_STRICT_OBJC_MSGSEND = YES;
				ENABLE_TESTABILITY = YES;
				ENABLE_USER_SCRIPT_SANDBOXING = NO;
				GCC_C_LANGUAGE_STANDARD = gnu17;
				GCC_DYNAMIC_NO_PIC = NO;
				GCC_NO_COMMON_BLOCKS = YES;
				GCC_OPTIMIZATION_LEVEL = 0;
				GCC_PREPROCESSOR_DEFINITIONS = (
					"DEBUG=1",
					"$(inherited)",
				);
				GCC_WARN_64_TO_32_BIT_CONVERSION = YES;
				GCC_WARN_ABOUT_RETURN_TYPE = YES_ERROR;
				GCC_WARN_UNDECLARED_SELECTOR = YES;
				GCC_WARN_UNINITIALIZED_AUTOS = YES_AGGRESSIVE;
				GCC_WARN_UNUSED_FUNCTION = YES;
				GCC_WARN_UNUSED_VARIABLE = YES;
				IPHONEOS_DEPLOYMENT_TARGET = 17.2;
				LOCALIZATION_PREFERS_STRING_CATALOGS = YES;
				MTL_ENABLE_DEBUG_INFO = INCLUDE_SOURCE;
				MTL_FAST_MATH = YES;
				ONLY_ACTIVE_ARCH = YES;
				SDKROOT = iphoneos;
				SWIFT_ACTIVE_COMPILATION_CONDITIONS = "DEBUG $(inherited)";
				SWIFT_OPTIMIZATION_LEVEL = "-Onone";
			};
			name = Debug;
		};
		D6D064242B4FD0FB00DB7820 /* Release */ = {
			isa = XCBuildConfiguration;
			buildSettings = {
				ALWAYS_SEARCH_USER_PATHS = NO;
				ASSETCATALOG_COMPILER_GENERATE_SWIFT_ASSET_SYMBOL_EXTENSIONS = YES;
				CLANG_ANALYZER_NONNULL = YES;
				CLANG_ANALYZER_NUMBER_OBJECT_CONVERSION = YES_AGGRESSIVE;
				CLANG_CXX_LANGUAGE_STANDARD = "gnu++20";
				CLANG_ENABLE_MODULES = YES;
				CLANG_ENABLE_OBJC_ARC = YES;
				CLANG_ENABLE_OBJC_WEAK = YES;
				CLANG_WARN_BLOCK_CAPTURE_AUTORELEASING = YES;
				CLANG_WARN_BOOL_CONVERSION = YES;
				CLANG_WARN_COMMA = YES;
				CLANG_WARN_CONSTANT_CONVERSION = YES;
				CLANG_WARN_DEPRECATED_OBJC_IMPLEMENTATIONS = YES;
				CLANG_WARN_DIRECT_OBJC_ISA_USAGE = YES_ERROR;
				CLANG_WARN_DOCUMENTATION_COMMENTS = YES;
				CLANG_WARN_EMPTY_BODY = YES;
				CLANG_WARN_ENUM_CONVERSION = YES;
				CLANG_WARN_INFINITE_RECURSION = YES;
				CLANG_WARN_INT_CONVERSION = YES;
				CLANG_WARN_NON_LITERAL_NULL_CONVERSION = YES;
				CLANG_WARN_OBJC_IMPLICIT_RETAIN_SELF = YES;
				CLANG_WARN_OBJC_LITERAL_CONVERSION = YES;
				CLANG_WARN_OBJC_ROOT_CLASS = YES_ERROR;
				CLANG_WARN_QUOTED_INCLUDE_IN_FRAMEWORK_HEADER = YES;
				CLANG_WARN_RANGE_LOOP_ANALYSIS = YES;
				CLANG_WARN_STRICT_PROTOTYPES = YES;
				CLANG_WARN_SUSPICIOUS_MOVE = YES;
				CLANG_WARN_UNGUARDED_AVAILABILITY = YES_AGGRESSIVE;
				CLANG_WARN_UNREACHABLE_CODE = YES;
				CLANG_WARN__DUPLICATE_METHOD_MATCH = YES;
				COPY_PHASE_STRIP = NO;
				DEBUG_INFORMATION_FORMAT = "dwarf-with-dsym";
				ENABLE_NS_ASSERTIONS = NO;
				ENABLE_STRICT_OBJC_MSGSEND = YES;
				ENABLE_USER_SCRIPT_SANDBOXING = NO;
				GCC_C_LANGUAGE_STANDARD = gnu17;
				GCC_NO_COMMON_BLOCKS = YES;
				GCC_WARN_64_TO_32_BIT_CONVERSION = YES;
				GCC_WARN_ABOUT_RETURN_TYPE = YES_ERROR;
				GCC_WARN_UNDECLARED_SELECTOR = YES;
				GCC_WARN_UNINITIALIZED_AUTOS = YES_AGGRESSIVE;
				GCC_WARN_UNUSED_FUNCTION = YES;
				GCC_WARN_UNUSED_VARIABLE = YES;
				IPHONEOS_DEPLOYMENT_TARGET = 17.2;
				LOCALIZATION_PREFERS_STRING_CATALOGS = YES;
				MTL_ENABLE_DEBUG_INFO = NO;
				MTL_FAST_MATH = YES;
				SDKROOT = iphoneos;
				SWIFT_COMPILATION_MODE = wholemodule;
				VALIDATE_PRODUCT = YES;
			};
			name = Release;
		};
		D6D064262B4FD0FB00DB7820 /* Debug */ = {
			isa = XCBuildConfiguration;
			baseConfigurationReference = 7711F65797C2941D25A40C6D /* Pods-WhatIEat.debug.xcconfig */;
			buildSettings = {
				ASSETCATALOG_COMPILER_APPICON_NAME = AppIcon;
				ASSETCATALOG_COMPILER_GLOBAL_ACCENT_COLOR_NAME = AccentColor;
				CODE_SIGN_STYLE = Automatic;
				CURRENT_PROJECT_VERSION = 1;
				DEVELOPMENT_ASSET_PATHS = "\"WhatIEat/Preview Content\"";
				DEVELOPMENT_TEAM = APH7WMHZRK;
				ENABLE_PREVIEWS = YES;
				EXCLUDED_ARCHS = "";
				GENERATE_INFOPLIST_FILE = YES;
				INFOPLIST_FILE = WhatIEat/Info.plist;
				INFOPLIST_KEY_UIApplicationSceneManifest_Generation = YES;
				INFOPLIST_KEY_UIApplicationSupportsIndirectInputEvents = YES;
				INFOPLIST_KEY_UILaunchScreen_Generation = YES;
				INFOPLIST_KEY_UISupportedInterfaceOrientations_iPad = "UIInterfaceOrientationPortrait UIInterfaceOrientationPortraitUpsideDown UIInterfaceOrientationLandscapeLeft UIInterfaceOrientationLandscapeRight";
				INFOPLIST_KEY_UISupportedInterfaceOrientations_iPhone = "UIInterfaceOrientationPortrait UIInterfaceOrientationLandscapeLeft UIInterfaceOrientationLandscapeRight";
				LD_RUNPATH_SEARCH_PATHS = (
					"$(inherited)",
					"@executable_path/Frameworks",
				);
				MARKETING_VERSION = 1.0;
				PRODUCT_BUNDLE_IDENTIFIER = kr.hoslim.WhatIEat;
				PRODUCT_NAME = "$(TARGET_NAME)";
				SWIFT_EMIT_LOC_STRINGS = YES;
				SWIFT_VERSION = 5.0;
				TARGETED_DEVICE_FAMILY = "1,2";
			};
			name = Debug;
		};
		D6D064272B4FD0FB00DB7820 /* Release */ = {
			isa = XCBuildConfiguration;
			baseConfigurationReference = 354A5D673786A90B9D1DFC85 /* Pods-WhatIEat.release.xcconfig */;
			buildSettings = {
				ASSETCATALOG_COMPILER_APPICON_NAME = AppIcon;
				ASSETCATALOG_COMPILER_GLOBAL_ACCENT_COLOR_NAME = AccentColor;
				CODE_SIGN_STYLE = Automatic;
				CURRENT_PROJECT_VERSION = 1;
				DEVELOPMENT_ASSET_PATHS = "\"WhatIEat/Preview Content\"";
				DEVELOPMENT_TEAM = APH7WMHZRK;
				ENABLE_PREVIEWS = YES;
				EXCLUDED_ARCHS = "";
				GENERATE_INFOPLIST_FILE = YES;
				INFOPLIST_FILE = WhatIEat/Info.plist;
				INFOPLIST_KEY_UIApplicationSceneManifest_Generation = YES;
				INFOPLIST_KEY_UIApplicationSupportsIndirectInputEvents = YES;
				INFOPLIST_KEY_UILaunchScreen_Generation = YES;
				INFOPLIST_KEY_UISupportedInterfaceOrientations_iPad = "UIInterfaceOrientationPortrait UIInterfaceOrientationPortraitUpsideDown UIInterfaceOrientationLandscapeLeft UIInterfaceOrientationLandscapeRight";
				INFOPLIST_KEY_UISupportedInterfaceOrientations_iPhone = "UIInterfaceOrientationPortrait UIInterfaceOrientationLandscapeLeft UIInterfaceOrientationLandscapeRight";
				LD_RUNPATH_SEARCH_PATHS = (
					"$(inherited)",
					"@executable_path/Frameworks",
				);
				MARKETING_VERSION = 1.0;
				PRODUCT_BUNDLE_IDENTIFIER = kr.hoslim.WhatIEat;
				PRODUCT_NAME = "$(TARGET_NAME)";
				SWIFT_EMIT_LOC_STRINGS = YES;
				SWIFT_VERSION = 5.0;
				TARGETED_DEVICE_FAMILY = "1,2";
			};
			name = Release;
		};
/* End XCBuildConfiguration section */

/* Begin XCConfigurationList section */
		D6D064122B4FD0FA00DB7820 /* Build configuration list for PBXProject "WhatIEat" */ = {
			isa = XCConfigurationList;
			buildConfigurations = (
				D6D064232B4FD0FB00DB7820 /* Debug */,
				D6D064242B4FD0FB00DB7820 /* Release */,
			);
			defaultConfigurationIsVisible = 0;
			defaultConfigurationName = Release;
		};
		D6D064252B4FD0FB00DB7820 /* Build configuration list for PBXNativeTarget "WhatIEat" */ = {
			isa = XCConfigurationList;
			buildConfigurations = (
				D6D064262B4FD0FB00DB7820 /* Debug */,
				D6D064272B4FD0FB00DB7820 /* Release */,
			);
			defaultConfigurationIsVisible = 0;
			defaultConfigurationName = Release;
		};
/* End XCConfigurationList section */
	};
	rootObject = D6D0640F2B4FD0FA00DB7820 /* Project object */;
}
